
Microsoft Visual Studio Solution File, Format Version 12.00
# Visual Studio Version 17
VisualStudioVersion = 17.0.31903.59
MinimumVisualStudioVersion = 10.0.40219.1
Project("{2150E333-8FDC-42A3-9474-1A3956D46DE8}") = "src", "src", "{827E0CD3-B72D-47B6-A68D-7590B98EB39B}"
EndProject
Project("{FAE04EC0-301F-11D3-BF4B-00C04F79EFBC}") = "CodexUpdater.Core", "src\CodexUpdater.Core\CodexUpdater.Core.csproj", "{6A3194B7-A01F-4B8F-B111-0EA732D219EF}"
EndProject
Project("{FAE04EC0-301F-11D3-BF4B-00C04F79EFBC}") = "CodexUpdater.App", "src\CodexUpdater.App\CodexUpdater.App.csproj", "{440270B9-023A-46C6-9948-20D30C966D29}"
EndProject
Project("{2150E333-8FDC-42A3-9474-1A3956D46DE8}") = "tests", "tests", "{0AB3BF05-4346-4AA6-1389-037BE0695223}"
EndProject
Project("{FAE04EC0-301F-11D3-BF4B-00C04F79EFBC}") = "CodexUpdater.Tests", "tests\CodexUpdater.Tests\CodexUpdater.Tests.csproj", "{3C77F46C-1603-4756-85F5-E76AFE11F714}"
EndProject
Global
	GlobalSection(SolutionConfigurationPlatforms) = preSolution
		Debug|Any CPU = Debug|Any CPU
		Debug|x64 = Debug|x64
		Debug|x86 = Debug|x86
		Release|Any CPU = Release|Any CPU
		Release|x64 = Release|x64
		Release|x86 = Release|x86
	EndGlobalSection
	GlobalSection(ProjectConfigurationPlatforms) = postSolution
		{6A3194B7-A01F-4B8F-B111-0EA732D219EF}.Debug|Any CPU.ActiveCfg = Debug|Any CPU
		{6A3194B7-A01F-4B8F-B111-0EA732D219EF}.Debug|Any CPU.Build.0 = Debug|Any CPU
		{6A3194B7-A01F-4B8F-B111-0EA732D219EF}.Debug|x64.ActiveCfg = Debug|Any CPU
		{6A3194B7-A01F-4B8F-B111-0EA732D219EF}.Debug|x64.Build.0 = Debug|Any CPU
		{6A3194B7-A01F-4B8F-B111-0EA732D219EF}.Debug|x86.ActiveCfg = Debug|Any CPU
		{6A3194B7-A01F-4B8F-B111-0EA732D219EF}.Debug|x86.Build.0 = Debug|Any CPU
		{6A3194B7-A01F-4B8F-B111-0EA732D219EF}.Release|Any CPU.ActiveCfg = Release|Any CPU
		{6A3194B7-A01F-4B8F-B111-0EA732D219EF}.Release|Any CPU.Build.0 = Release|Any CPU
		{6A3194B7-A01F-4B8F-B111-0EA732D219EF}.Release|x64.ActiveCfg = Release|Any CPU
		{6A3194B7-A01F-4B8F-B111-0EA732D219EF}.Release|x64.Build.0 = Release|Any CPU
		{6A3194B7-A01F-4B8F-B111-0EA732D219EF}.Release|x86.ActiveCfg = Release|Any CPU
		{6A3194B7-A01F-4B8F-B111-0EA732D219EF}.Release|x86.Build.0 = Release|Any CPU
		{440270B9-023A-46C6-9948-20D30C966D29}.Debug|Any CPU.ActiveCfg = Debug|Any CPU
		{440270B9-023A-46C6-9948-20D30C966D29}.Debug|Any CPU.Build.0 = Debug|Any CPU
		{440270B9-023A-46C6-9948-20D30C966D29}.Debug|x64.ActiveCfg = Debug|Any CPU
		{440270B9-023A-46C6-9948-20D30C966D29}.Debug|x64.Build.0 = Debug|Any CPU
		{440270B9-023A-46C6-9948-20D30C966D29}.Debug|x86.ActiveCfg = Debug|Any CPU
		{440270B9-023A-46C6-9948-20D30C966D29}.Debug|x86.Build.0 = Debug|Any CPU
		{440270B9-023A-46C6-9948-20D30C966D29}.Release|Any CPU.ActiveCfg = Release|Any CPU
		{440270B9-023A-46C6-9948-20D30C966D29}.Release|Any CPU.Build.0 = Release|Any CPU
		{440270B9-023A-46C6-9948-20D30C966D29}.Release|x64.ActiveCfg = Release|Any CPU
		{440270B9-023A-46C6-9948-20D30C966D29}.Release|x64.Build.0 = Release|Any CPU
		{440270B9-023A-46C6-9948-20D30C966D29}.Release|x86.ActiveCfg = Release|Any CPU
		{440270B9-023A-46C6-9948-20D30C966D29}.Release|x86.Build.0 = Release|Any CPU
		{3C77F46C-1603-4756-85F5-E76AFE11F714}.Debug|Any CPU.ActiveCfg = Debug|Any CPU
		{3C77F46C-1603-4756-85F5-E76AFE11F714}.Debug|Any CPU.Build.0 = Debug|Any CPU
		{3C77F46C-1603-4756-85F5-E76AFE11F714}.Debug|x64.ActiveCfg = Debug|Any CPU
		{3C77F46C-1603-4756-85F5-E76AFE11F714}.Debug|x64.Build.0 = Debug|Any CPU
		{3C77F46C-1603-4756-85F5-E76AFE11F714}.Debug|x86.ActiveCfg = Debug|Any CPU
		{3C77F46C-1603-4756-85F5-E76AFE11F714}.Debug|x86.Build.0 = Debug|Any CPU
		{3C77F46C-1603-4756-85F5-E76AFE11F714}.Release|Any CPU.ActiveCfg = Release|Any CPU
		{3C77F46C-1603-4756-85F5-E76AFE11F714}.Release|Any CPU.Build.0 = Release|Any CPU
		{3C77F46C-1603-4756-85F5-E76AFE11F714}.Release|x64.ActiveCfg = Release|Any CPU
		{3C77F46C-1603-4756-85F5-E76AFE11F714}.Release|x64.Build.0 = Release|Any CPU
		{3C77F46C-1603-4756-85F5-E76AFE11F714}.Release|x86.ActiveCfg = Release|Any CPU
		{3C77F46C-1603-4756-85F5-E76AFE11F714}.Release|x86.Build.0 = Release|Any CPU
	EndGlobalSection
	GlobalSection(SolutionProperties) = preSolution
		HideSolutionNode = FALSE
	EndGlobalSection
	GlobalSection(NestedProjects) = preSolution
		{6A3194B7-A01F-4B8F-B111-0EA732D219EF} = {827E0CD3-B72D-47B6-A68D-7590B98EB39B}
		{440270B9-023A-46C6-9948-20D30C966D29} = {827E0CD3-B72D-47B6-A68D-7590B98EB39B}
		{3C77F46C-1603-4756-85F5-E76AFE11F714} = {0AB3BF05-4346-4AA6-1389-037BE0695223}
	EndGlobalSection
EndGlobal
